
Microsoft Visual Studio Solution File, Format Version 12.00
# Visual Studio Version 17
VisualStudioVersion = 17.8.34511.84
MinimumVisualStudioVersion = 10.0.40219.1
Project("{FAE04EC0-301F-11D3-BF4B-00C04F79EFBC}") = "RaspKurs", "RaspKurs\RaspKurs.csproj", "{CA493209-484B-47BA-848B-39CDBCD75DA0}"
EndProject
Global
	GlobalSection(SolutionConfigurationPlatforms) = preSolution
		Debug|Any CPU = Debug|Any CPU
		Release|Any CPU = Release|Any CPU
	EndGlobalSection
	GlobalSection(ProjectConfigurationPlatforms) = postSolution
		{CA493209-484B-47BA-848B-39CDBCD75DA0}.Debug|Any CPU.ActiveCfg = Debug|Any CPU
		{CA493209-484B-47BA-848B-39CDBCD75DA0}.Debug|Any CPU.Build.0 = Debug|Any CPU
		{CA493209-484B-47BA-848B-39CDBCD75DA0}.Release|Any CPU.ActiveCfg = Release|Any CPU
		{CA493209-484B-47BA-848B-39CDBCD75DA0}.Release|Any CPU.Build.0 = Release|Any CPU
	EndGlobalSection
	GlobalSection(SolutionProperties) = preSolution
		HideSolutionNode = FALSE
	EndGlobalSection
	GlobalSection(ExtensibilityGlobals) = postSolution
		SolutionGuid = {9FB29C14-5EF7-46EA-9143-F0F69CA19920}
	EndGlobalSection
EndGlobal
